
Microsoft Visual Studio Solution File, Format Version 12.00
# Visual Studio Version 16
VisualStudioVersion = 16.0.30907.101
MinimumVisualStudioVersion = 10.0.40219.1
Project("{FAE04EC0-301F-11D3-BF4B-00C04F79EFBC}") = "Lifeway", "Lifeway\Lifeway.csproj", "{8E553AB0-D545-4C39-9ABE-96EC7998D8B9}"
EndProject
Global
	GlobalSection(SolutionConfigurationPlatforms) = preSolution
		Debug|Any CPU = Debug|Any CPU
		Release|Any CPU = Release|Any CPU
	EndGlobalSection
	GlobalSection(ProjectConfigurationPlatforms) = postSolution
		{8E553AB0-D545-4C39-9ABE-96EC7998D8B9}.Debug|Any CPU.ActiveCfg = Debug|Any CPU
		{8E553AB0-D545-4C39-9ABE-96EC7998D8B9}.Debug|Any CPU.Build.0 = Debug|Any CPU
		{8E553AB0-D545-4C39-9ABE-96EC7998D8B9}.Release|Any CPU.ActiveCfg = Release|Any CPU
		{8E553AB0-D545-4C39-9ABE-96EC7998D8B9}.Release|Any CPU.Build.0 = Release|Any CPU
	EndGlobalSection
	GlobalSection(SolutionProperties) = preSolution
		HideSolutionNode = FALSE
	EndGlobalSection
	GlobalSection(ExtensibilityGlobals) = postSolution
		SolutionGuid = {7F3EDD2A-B1B3-49BA-B689-23A9EA4979F2}
	EndGlobalSection
EndGlobal
